
Microsoft Visual Studio Solution File, Format Version 12.00
# Visual Studio Version 16
VisualStudioVersion = 16.0.29613.14
MinimumVisualStudioVersion = 10.0.40219.1
Project("{FAE04EC0-301F-11D3-BF4B-00C04F79EFBC}") = "JSONTemplateRender", "JSONTemplateRender.csproj", "{F5D95A03-D461-457C-BF12-70BA585D3561}"
EndProject
Global
	GlobalSection(SolutionConfigurationPlatforms) = preSolution
		Debug|Any CPU = Debug|Any CPU
		Release|Any CPU = Release|Any CPU
	EndGlobalSection
	GlobalSection(ProjectConfigurationPlatforms) = postSolution
		{F5D95A03-D461-457C-BF12-70BA585D3561}.Debug|Any CPU.ActiveCfg = Debug|Any CPU
		{F5D95A03-D461-457C-BF12-70BA585D3561}.Debug|Any CPU.Build.0 = Debug|Any CPU
		{F5D95A03-D461-457C-BF12-70BA585D3561}.Release|Any CPU.ActiveCfg = Release|Any CPU
		{F5D95A03-D461-457C-BF12-70BA585D3561}.Release|Any CPU.Build.0 = Release|Any CPU
	EndGlobalSection
	GlobalSection(SolutionProperties) = preSolution
		HideSolutionNode = FALSE
	EndGlobalSection
	GlobalSection(ExtensibilityGlobals) = postSolution
		SolutionGuid = {D34343CE-22E6-4FF0-A671-F6F77CBD4AB0}
	EndGlobalSection
EndGlobal
